
Microsoft Visual Studio Solution File, Format Version 12.00
# Visual Studio Version 16
VisualStudioVersion = 16.0.30011.22
MinimumVisualStudioVersion = 10.0.40219.1
Project("{9A19103F-16F7-4668-BE54-9A1E7A4F7556}") = "RoyalQuiz", "src\RoyalQuiz.csproj", "{BDE5EE6D-D370-44C0-B9C1-1EE251D8B22E}"
EndProject
Global
	GlobalSection(SolutionConfigurationPlatforms) = preSolution
		Debug|Any CPU = Debug|Any CPU
		Release|Any CPU = Release|Any CPU
	EndGlobalSection
	GlobalSection(ProjectConfigurationPlatforms) = postSolution
		{BDE5EE6D-D370-44C0-B9C1-1EE251D8B22E}.Debug|Any CPU.ActiveCfg = Debug|Any CPU
		{BDE5EE6D-D370-44C0-B9C1-1EE251D8B22E}.Debug|Any CPU.Build.0 = Debug|Any CPU
		{BDE5EE6D-D370-44C0-B9C1-1EE251D8B22E}.Release|Any CPU.ActiveCfg = Release|Any CPU
		{BDE5EE6D-D370-44C0-B9C1-1EE251D8B22E}.Release|Any CPU.Build.0 = Release|Any CPU
	EndGlobalSection
	GlobalSection(SolutionProperties) = preSolution
		HideSolutionNode = FALSE
	EndGlobalSection
	GlobalSection(ExtensibilityGlobals) = postSolution
		SolutionGuid = {6D4A8D53-768C-49AF-AB8A-6BBD06AD1EBB}
	EndGlobalSection
EndGlobal
